
Microsoft Visual Studio Solution File, Format Version 12.00
Project("{FAE04EC0-301F-11D3-BF4B-00C04F79EFBC}") = "WebApp", "WebApp\WebApp.csproj", "{E815B905-2496-43C8-91FD-4E45CCF8339D}"
EndProject
Project("{FAE04EC0-301F-11D3-BF4B-00C04F79EFBC}") = "App.Domain", "App.Domain\App.Domain.csproj", "{6A182042-2059-423A-B7B8-705F4978D13F}"
EndProject
Project("{FAE04EC0-301F-11D3-BF4B-00C04F79EFBC}") = "Base.Domain", "Base.Domain\Base.Domain.csproj", "{9E064A81-9189-411D-AD7A-B3D623C611C1}"
EndProject
Project("{2150E333-8FDC-42A3-9474-1A3956D46DE8}") = "1_App", "1_App", "{16DEEB92-FF03-4663-AF46-B486D2C0893F}"
EndProject
Project("{2150E333-8FDC-42A3-9474-1A3956D46DE8}") = "2_Base", "2_Base", "{AEBE62DC-A945-4BE2-B0A3-93632BDEC068}"
EndProject
Project("{2150E333-8FDC-42A3-9474-1A3956D46DE8}") = "0_Solution_items", "0_Solution_items", "{3F379179-5EDE-4894-9A53-87C5A46DFA92}"
	ProjectSection(SolutionItems) = preProject
		README.md = README.md
		docker-compose.yml = docker-compose.yml
		Directory.Build.props = Directory.Build.props
		.gitignore = .gitignore
		Dockerfile = Dockerfile
		.dockerignore = .dockerignore
		.gitlab-ci.yml = .gitlab-ci.yml
	EndProjectSection
EndProject
Project("{FAE04EC0-301F-11D3-BF4B-00C04F79EFBC}") = "Base.Contracts.Domain", "Base.Contracts.Domain\Base.Contracts.Domain.csproj", "{F22D23E9-E8A9-4EE0-8721-7AF2942612E5}"
EndProject
Project("{FAE04EC0-301F-11D3-BF4B-00C04F79EFBC}") = "App.DAL.EF", "App.DAL.EF\App.DAL.EF.csproj", "{4A1EC129-D393-49BA-B72A-FDB2AB3224DE}"
EndProject
Project("{FAE04EC0-301F-11D3-BF4B-00C04F79EFBC}") = "Base.Contracts.DAL", "Base.Contracts.DAL\Base.Contracts.DAL.csproj", "{86E487C1-C5E4-40FA-9C6B-800BF81D4654}"
EndProject
Project("{FAE04EC0-301F-11D3-BF4B-00C04F79EFBC}") = "Base.DAL.EF", "Base.DAL.EF\Base.DAL.EF.csproj", "{87194A87-4D2F-414B-8161-394F9174EC6D}"
EndProject
Project("{FAE04EC0-301F-11D3-BF4B-00C04F79EFBC}") = "App.Contracts.DAL", "App.Contracts.DAL\App.Contracts.DAL.csproj", "{AC792207-96D5-469B-A792-E459751C576F}"
EndProject
Project("{FAE04EC0-301F-11D3-BF4B-00C04F79EFBC}") = "Helpers", "Helpers\Helpers.csproj", "{D008E6CC-4089-4B99-A43B-077D020EA0E7}"
EndProject
Project("{FAE04EC0-301F-11D3-BF4B-00C04F79EFBC}") = "App.DAL.DTO", "App.DAL.DTO\App.DAL.DTO.csproj", "{B583C22F-2E2D-47E0-94DB-57738D170E21}"
EndProject
Project("{FAE04EC0-301F-11D3-BF4B-00C04F79EFBC}") = "Base.Contracts.BLL", "Base.Contracts.BLL\Base.Contracts.BLL.csproj", "{6A2E9769-9CC0-4926-B703-9F1F804CA9C9}"
EndProject
Project("{FAE04EC0-301F-11D3-BF4B-00C04F79EFBC}") = "Base.BLL", "Base.BLL\Base.BLL.csproj", "{B11C609F-B503-4CCC-9933-2BC6FF7360E6}"
EndProject
Project("{FAE04EC0-301F-11D3-BF4B-00C04F79EFBC}") = "App.BLL.DTO", "App.BLL.DTO\App.BLL.DTO.csproj", "{231BD253-CF73-4526-92FF-4DC17E495096}"
EndProject
Project("{FAE04EC0-301F-11D3-BF4B-00C04F79EFBC}") = "App.Contracts.BLL", "App.Contracts.BLL\App.Contracts.BLL.csproj", "{31F8AD02-E2C5-4D65-B146-C9B39544D0B4}"
EndProject
Project("{FAE04EC0-301F-11D3-BF4B-00C04F79EFBC}") = "App.BLL", "App.BLL\App.BLL.csproj", "{D3D9FA23-896A-405F-8A11-F31685596824}"
EndProject
Project("{FAE04EC0-301F-11D3-BF4B-00C04F79EFBC}") = "App.DTO", "App.DTO\App.DTO.csproj", "{395299D4-9988-495B-8F84-8B4A4A6A35CE}"
EndProject
Project("{FAE04EC0-301F-11D3-BF4B-00C04F79EFBC}") = "Base.Test", "Base.Test\Base.Test.csproj", "{E8F1DA3C-A077-4278-AE17-14971535199E}"
EndProject
Project("{FAE04EC0-301F-11D3-BF4B-00C04F79EFBC}") = "AppTest", "AppTest\AppTest.csproj", "{F9307B4A-8066-4042-8A36-D7931EE94BAD}"
EndProject
Global
	GlobalSection(SolutionConfigurationPlatforms) = preSolution
		Debug|Any CPU = Debug|Any CPU
		Release|Any CPU = Release|Any CPU
	EndGlobalSection
	GlobalSection(ProjectConfigurationPlatforms) = postSolution
		{E815B905-2496-43C8-91FD-4E45CCF8339D}.Debug|Any CPU.ActiveCfg = Debug|Any CPU
		{E815B905-2496-43C8-91FD-4E45CCF8339D}.Debug|Any CPU.Build.0 = Debug|Any CPU
		{E815B905-2496-43C8-91FD-4E45CCF8339D}.Release|Any CPU.ActiveCfg = Release|Any CPU
		{E815B905-2496-43C8-91FD-4E45CCF8339D}.Release|Any CPU.Build.0 = Release|Any CPU
		{6A182042-2059-423A-B7B8-705F4978D13F}.Debug|Any CPU.ActiveCfg = Debug|Any CPU
		{6A182042-2059-423A-B7B8-705F4978D13F}.Debug|Any CPU.Build.0 = Debug|Any CPU
		{6A182042-2059-423A-B7B8-705F4978D13F}.Release|Any CPU.ActiveCfg = Release|Any CPU
		{6A182042-2059-423A-B7B8-705F4978D13F}.Release|Any CPU.Build.0 = Release|Any CPU
		{9E064A81-9189-411D-AD7A-B3D623C611C1}.Debug|Any CPU.ActiveCfg = Debug|Any CPU
		{9E064A81-9189-411D-AD7A-B3D623C611C1}.Debug|Any CPU.Build.0 = Debug|Any CPU
		{9E064A81-9189-411D-AD7A-B3D623C611C1}.Release|Any CPU.ActiveCfg = Release|Any CPU
		{9E064A81-9189-411D-AD7A-B3D623C611C1}.Release|Any CPU.Build.0 = Release|Any CPU
		{F22D23E9-E8A9-4EE0-8721-7AF2942612E5}.Debug|Any CPU.ActiveCfg = Debug|Any CPU
		{F22D23E9-E8A9-4EE0-8721-7AF2942612E5}.Debug|Any CPU.Build.0 = Debug|Any CPU
		{F22D23E9-E8A9-4EE0-8721-7AF2942612E5}.Release|Any CPU.ActiveCfg = Release|Any CPU
		{F22D23E9-E8A9-4EE0-8721-7AF2942612E5}.Release|Any CPU.Build.0 = Release|Any CPU
		{4A1EC129-D393-49BA-B72A-FDB2AB3224DE}.Debug|Any CPU.ActiveCfg = Debug|Any CPU
		{4A1EC129-D393-49BA-B72A-FDB2AB3224DE}.Debug|Any CPU.Build.0 = Debug|Any CPU
		{4A1EC129-D393-49BA-B72A-FDB2AB3224DE}.Release|Any CPU.ActiveCfg = Release|Any CPU
		{4A1EC129-D393-49BA-B72A-FDB2AB3224DE}.Release|Any CPU.Build.0 = Release|Any CPU
		{86E487C1-C5E4-40FA-9C6B-800BF81D4654}.Debug|Any CPU.ActiveCfg = Debug|Any CPU
		{86E487C1-C5E4-40FA-9C6B-800BF81D4654}.Debug|Any CPU.Build.0 = Debug|Any CPU
		{86E487C1-C5E4-40FA-9C6B-800BF81D4654}.Release|Any CPU.ActiveCfg = Release|Any CPU
		{86E487C1-C5E4-40FA-9C6B-800BF81D4654}.Release|Any CPU.Build.0 = Release|Any CPU
		{87194A87-4D2F-414B-8161-394F9174EC6D}.Debug|Any CPU.ActiveCfg = Debug|Any CPU
		{87194A87-4D2F-414B-8161-394F9174EC6D}.Debug|Any CPU.Build.0 = Debug|Any CPU
		{87194A87-4D2F-414B-8161-394F9174EC6D}.Release|Any CPU.ActiveCfg = Release|Any CPU
		{87194A87-4D2F-414B-8161-394F9174EC6D}.Release|Any CPU.Build.0 = Release|Any CPU
		{AC792207-96D5-469B-A792-E459751C576F}.Debug|Any CPU.ActiveCfg = Debug|Any CPU
		{AC792207-96D5-469B-A792-E459751C576F}.Debug|Any CPU.Build.0 = Debug|Any CPU
		{AC792207-96D5-469B-A792-E459751C576F}.Release|Any CPU.ActiveCfg = Release|Any CPU
		{AC792207-96D5-469B-A792-E459751C576F}.Release|Any CPU.Build.0 = Release|Any CPU
		{D008E6CC-4089-4B99-A43B-077D020EA0E7}.Debug|Any CPU.ActiveCfg = Debug|Any CPU
		{D008E6CC-4089-4B99-A43B-077D020EA0E7}.Debug|Any CPU.Build.0 = Debug|Any CPU
		{D008E6CC-4089-4B99-A43B-077D020EA0E7}.Release|Any CPU.ActiveCfg = Release|Any CPU
		{D008E6CC-4089-4B99-A43B-077D020EA0E7}.Release|Any CPU.Build.0 = Release|Any CPU
		{B583C22F-2E2D-47E0-94DB-57738D170E21}.Debug|Any CPU.ActiveCfg = Debug|Any CPU
		{B583C22F-2E2D-47E0-94DB-57738D170E21}.Debug|Any CPU.Build.0 = Debug|Any CPU
		{B583C22F-2E2D-47E0-94DB-57738D170E21}.Release|Any CPU.ActiveCfg = Release|Any CPU
		{B583C22F-2E2D-47E0-94DB-57738D170E21}.Release|Any CPU.Build.0 = Release|Any CPU
		{6A2E9769-9CC0-4926-B703-9F1F804CA9C9}.Debug|Any CPU.ActiveCfg = Debug|Any CPU
		{6A2E9769-9CC0-4926-B703-9F1F804CA9C9}.Debug|Any CPU.Build.0 = Debug|Any CPU
		{6A2E9769-9CC0-4926-B703-9F1F804CA9C9}.Release|Any CPU.ActiveCfg = Release|Any CPU
		{6A2E9769-9CC0-4926-B703-9F1F804CA9C9}.Release|Any CPU.Build.0 = Release|Any CPU
		{B11C609F-B503-4CCC-9933-2BC6FF7360E6}.Debug|Any CPU.ActiveCfg = Debug|Any CPU
		{B11C609F-B503-4CCC-9933-2BC6FF7360E6}.Debug|Any CPU.Build.0 = Debug|Any CPU
		{B11C609F-B503-4CCC-9933-2BC6FF7360E6}.Release|Any CPU.ActiveCfg = Release|Any CPU
		{B11C609F-B503-4CCC-9933-2BC6FF7360E6}.Release|Any CPU.Build.0 = Release|Any CPU
		{231BD253-CF73-4526-92FF-4DC17E495096}.Debug|Any CPU.ActiveCfg = Debug|Any CPU
		{231BD253-CF73-4526-92FF-4DC17E495096}.Debug|Any CPU.Build.0 = Debug|Any CPU
		{231BD253-CF73-4526-92FF-4DC17E495096}.Release|Any CPU.ActiveCfg = Release|Any CPU
		{231BD253-CF73-4526-92FF-4DC17E495096}.Release|Any CPU.Build.0 = Release|Any CPU
		{31F8AD02-E2C5-4D65-B146-C9B39544D0B4}.Debug|Any CPU.ActiveCfg = Debug|Any CPU
		{31F8AD02-E2C5-4D65-B146-C9B39544D0B4}.Debug|Any CPU.Build.0 = Debug|Any CPU
		{31F8AD02-E2C5-4D65-B146-C9B39544D0B4}.Release|Any CPU.ActiveCfg = Release|Any CPU
		{31F8AD02-E2C5-4D65-B146-C9B39544D0B4}.Release|Any CPU.Build.0 = Release|Any CPU
		{D3D9FA23-896A-405F-8A11-F31685596824}.Debug|Any CPU.ActiveCfg = Debug|Any CPU
		{D3D9FA23-896A-405F-8A11-F31685596824}.Debug|Any CPU.Build.0 = Debug|Any CPU
		{D3D9FA23-896A-405F-8A11-F31685596824}.Release|Any CPU.ActiveCfg = Release|Any CPU
		{D3D9FA23-896A-405F-8A11-F31685596824}.Release|Any CPU.Build.0 = Release|Any CPU
		{395299D4-9988-495B-8F84-8B4A4A6A35CE}.Debug|Any CPU.ActiveCfg = Debug|Any CPU
		{395299D4-9988-495B-8F84-8B4A4A6A35CE}.Debug|Any CPU.Build.0 = Debug|Any CPU
		{395299D4-9988-495B-8F84-8B4A4A6A35CE}.Release|Any CPU.ActiveCfg = Release|Any CPU
		{395299D4-9988-495B-8F84-8B4A4A6A35CE}.Release|Any CPU.Build.0 = Release|Any CPU
		{E8F1DA3C-A077-4278-AE17-14971535199E}.Debug|Any CPU.ActiveCfg = Debug|Any CPU
		{E8F1DA3C-A077-4278-AE17-14971535199E}.Debug|Any CPU.Build.0 = Debug|Any CPU
		{E8F1DA3C-A077-4278-AE17-14971535199E}.Release|Any CPU.ActiveCfg = Release|Any CPU
		{E8F1DA3C-A077-4278-AE17-14971535199E}.Release|Any CPU.Build.0 = Release|Any CPU
		{F9307B4A-8066-4042-8A36-D7931EE94BAD}.Debug|Any CPU.ActiveCfg = Debug|Any CPU
		{F9307B4A-8066-4042-8A36-D7931EE94BAD}.Debug|Any CPU.Build.0 = Debug|Any CPU
		{F9307B4A-8066-4042-8A36-D7931EE94BAD}.Release|Any CPU.ActiveCfg = Release|Any CPU
		{F9307B4A-8066-4042-8A36-D7931EE94BAD}.Release|Any CPU.Build.0 = Release|Any CPU
	EndGlobalSection
	GlobalSection(NestedProjects) = preSolution
		{6A182042-2059-423A-B7B8-705F4978D13F} = {16DEEB92-FF03-4663-AF46-B486D2C0893F}
		{9E064A81-9189-411D-AD7A-B3D623C611C1} = {AEBE62DC-A945-4BE2-B0A3-93632BDEC068}
		{E815B905-2496-43C8-91FD-4E45CCF8339D} = {16DEEB92-FF03-4663-AF46-B486D2C0893F}
		{F22D23E9-E8A9-4EE0-8721-7AF2942612E5} = {AEBE62DC-A945-4BE2-B0A3-93632BDEC068}
		{4A1EC129-D393-49BA-B72A-FDB2AB3224DE} = {16DEEB92-FF03-4663-AF46-B486D2C0893F}
		{86E487C1-C5E4-40FA-9C6B-800BF81D4654} = {AEBE62DC-A945-4BE2-B0A3-93632BDEC068}
		{87194A87-4D2F-414B-8161-394F9174EC6D} = {AEBE62DC-A945-4BE2-B0A3-93632BDEC068}
		{AC792207-96D5-469B-A792-E459751C576F} = {16DEEB92-FF03-4663-AF46-B486D2C0893F}
		{D008E6CC-4089-4B99-A43B-077D020EA0E7} = {AEBE62DC-A945-4BE2-B0A3-93632BDEC068}
		{B583C22F-2E2D-47E0-94DB-57738D170E21} = {16DEEB92-FF03-4663-AF46-B486D2C0893F}
		{6A2E9769-9CC0-4926-B703-9F1F804CA9C9} = {AEBE62DC-A945-4BE2-B0A3-93632BDEC068}
		{B11C609F-B503-4CCC-9933-2BC6FF7360E6} = {AEBE62DC-A945-4BE2-B0A3-93632BDEC068}
		{231BD253-CF73-4526-92FF-4DC17E495096} = {16DEEB92-FF03-4663-AF46-B486D2C0893F}
		{31F8AD02-E2C5-4D65-B146-C9B39544D0B4} = {16DEEB92-FF03-4663-AF46-B486D2C0893F}
		{D3D9FA23-896A-405F-8A11-F31685596824} = {16DEEB92-FF03-4663-AF46-B486D2C0893F}
		{395299D4-9988-495B-8F84-8B4A4A6A35CE} = {16DEEB92-FF03-4663-AF46-B486D2C0893F}
		{E8F1DA3C-A077-4278-AE17-14971535199E} = {AEBE62DC-A945-4BE2-B0A3-93632BDEC068}
		{F9307B4A-8066-4042-8A36-D7931EE94BAD} = {16DEEB92-FF03-4663-AF46-B486D2C0893F}
	EndGlobalSection
EndGlobal
